
Microsoft Visual Studio Solution File, Format Version 12.00
# Visual Studio Version 17
VisualStudioVersion = 17.4.33110.190
MinimumVisualStudioVersion = 10.0.40219.1
Project("{FAE04EC0-301F-11D3-BF4B-00C04F79EFBC}") = "SECTION1", "SECTION1.csproj", "{949B1F1B-6754-4CE0-8BB1-587B947304E2}"
EndProject
Global
	GlobalSection(SolutionConfigurationPlatforms) = preSolution
		Debug|Any CPU = Debug|Any CPU
		Release|Any CPU = Release|Any CPU
	EndGlobalSection
	GlobalSection(ProjectConfigurationPlatforms) = postSolution
		{949B1F1B-6754-4CE0-8BB1-587B947304E2}.Debug|Any CPU.ActiveCfg = Debug|Any CPU
		{949B1F1B-6754-4CE0-8BB1-587B947304E2}.Debug|Any CPU.Build.0 = Debug|Any CPU
		{949B1F1B-6754-4CE0-8BB1-587B947304E2}.Release|Any CPU.ActiveCfg = Release|Any CPU
		{949B1F1B-6754-4CE0-8BB1-587B947304E2}.Release|Any CPU.Build.0 = Release|Any CPU
	EndGlobalSection
	GlobalSection(SolutionProperties) = preSolution
		HideSolutionNode = FALSE
	EndGlobalSection
	GlobalSection(ExtensibilityGlobals) = postSolution
		SolutionGuid = {A45D5F78-E921-40F8-9BE9-1AD5A153E797}
	EndGlobalSection
EndGlobal
